
Microsoft Visual Studio Solution File, Format Version 12.00
# Visual Studio Version 16
VisualStudioVersion = 16.0.30717.126
MinimumVisualStudioVersion = 10.0.40219.1
Project("{FAE04EC0-301F-11D3-BF4B-00C04F79EFBC}") = "Fortnite Resolution Launcher", "Fortnite Resolution Launcher.csproj", "{6633E643-93EB-4744-872D-F99707DBF8C9}"
EndProject
Global
	GlobalSection(SolutionConfigurationPlatforms) = preSolution
		Debug|Any CPU = Debug|Any CPU
		Release|Any CPU = Release|Any CPU
	EndGlobalSection
	GlobalSection(ProjectConfigurationPlatforms) = postSolution
		{6633E643-93EB-4744-872D-F99707DBF8C9}.Debug|Any CPU.ActiveCfg = Debug|Any CPU
		{6633E643-93EB-4744-872D-F99707DBF8C9}.Debug|Any CPU.Build.0 = Debug|Any CPU
		{6633E643-93EB-4744-872D-F99707DBF8C9}.Release|Any CPU.ActiveCfg = Release|Any CPU
		{6633E643-93EB-4744-872D-F99707DBF8C9}.Release|Any CPU.Build.0 = Release|Any CPU
	EndGlobalSection
	GlobalSection(SolutionProperties) = preSolution
		HideSolutionNode = FALSE
	EndGlobalSection
	GlobalSection(ExtensibilityGlobals) = postSolution
		SolutionGuid = {6530B700-6DB6-4692-8FB6-478EC6944FB9}
	EndGlobalSection
EndGlobal
